
Microsoft Visual Studio Solution File, Format Version 12.00
# Visual Studio Version 17
VisualStudioVersion = 17.10.34916.146
MinimumVisualStudioVersion = 10.0.40219.1
Project("{FAE04EC0-301F-11D3-BF4B-00C04F79EFBC}") = "2d Array sort", "2d Array sort\2d Array sort.csproj", "{C97347E7-2EF5-45D2-8F60-4320370ED5E7}"
EndProject
Global
	GlobalSection(SolutionConfigurationPlatforms) = preSolution
		Debug|Any CPU = Debug|Any CPU
		Release|Any CPU = Release|Any CPU
	EndGlobalSection
	GlobalSection(ProjectConfigurationPlatforms) = postSolution
		{C97347E7-2EF5-45D2-8F60-4320370ED5E7}.Debug|Any CPU.ActiveCfg = Debug|Any CPU
		{C97347E7-2EF5-45D2-8F60-4320370ED5E7}.Debug|Any CPU.Build.0 = Debug|Any CPU
		{C97347E7-2EF5-45D2-8F60-4320370ED5E7}.Release|Any CPU.ActiveCfg = Release|Any CPU
		{C97347E7-2EF5-45D2-8F60-4320370ED5E7}.Release|Any CPU.Build.0 = Release|Any CPU
	EndGlobalSection
	GlobalSection(SolutionProperties) = preSolution
		HideSolutionNode = FALSE
	EndGlobalSection
	GlobalSection(ExtensibilityGlobals) = postSolution
		SolutionGuid = {D112590F-88DB-4DF5-9F24-663EFB9AE3BE}
	EndGlobalSection
EndGlobal
