
Microsoft Visual Studio Solution File, Format Version 12.00
# Visual Studio Version 17
VisualStudioVersion = 17.10.34916.146
MinimumVisualStudioVersion = 10.0.40219.1
Project("{FAE04EC0-301F-11D3-BF4B-00C04F79EFBC}") = "fn value and reference type", "fn value and reference type\fn value and reference type.csproj", "{3DB15BDB-2870-4491-AC96-68BC7CCF63D7}"
EndProject
Global
	GlobalSection(SolutionConfigurationPlatforms) = preSolution
		Debug|Any CPU = Debug|Any CPU
		Release|Any CPU = Release|Any CPU
	EndGlobalSection
	GlobalSection(ProjectConfigurationPlatforms) = postSolution
		{3DB15BDB-2870-4491-AC96-68BC7CCF63D7}.Debug|Any CPU.ActiveCfg = Debug|Any CPU
		{3DB15BDB-2870-4491-AC96-68BC7CCF63D7}.Debug|Any CPU.Build.0 = Debug|Any CPU
		{3DB15BDB-2870-4491-AC96-68BC7CCF63D7}.Release|Any CPU.ActiveCfg = Release|Any CPU
		{3DB15BDB-2870-4491-AC96-68BC7CCF63D7}.Release|Any CPU.Build.0 = Release|Any CPU
	EndGlobalSection
	GlobalSection(SolutionProperties) = preSolution
		HideSolutionNode = FALSE
	EndGlobalSection
	GlobalSection(ExtensibilityGlobals) = postSolution
		SolutionGuid = {C9837ABB-3D6D-41FB-97C3-021A21B9E67F}
	EndGlobalSection
EndGlobal
